
Microsoft Visual Studio Solution File, Format Version 12.00
# Visual Studio 15
VisualStudioVersion = 15.0.27703.2018
MinimumVisualStudioVersion = 10.0.40219.1
Project("{FAE04EC0-301F-11D3-BF4B-00C04F79EFBC}") = "Oefening6", "Oefening6.csproj", "{B8E1E62A-BBBD-4678-945B-5926F6093A3B}"
EndProject
Global
	GlobalSection(SolutionConfigurationPlatforms) = preSolution
		Debug|Any CPU = Debug|Any CPU
		Release|Any CPU = Release|Any CPU
	EndGlobalSection
	GlobalSection(ProjectConfigurationPlatforms) = postSolution
		{B8E1E62A-BBBD-4678-945B-5926F6093A3B}.Debug|Any CPU.ActiveCfg = Debug|Any CPU
		{B8E1E62A-BBBD-4678-945B-5926F6093A3B}.Debug|Any CPU.Build.0 = Debug|Any CPU
		{B8E1E62A-BBBD-4678-945B-5926F6093A3B}.Release|Any CPU.ActiveCfg = Release|Any CPU
		{B8E1E62A-BBBD-4678-945B-5926F6093A3B}.Release|Any CPU.Build.0 = Release|Any CPU
	EndGlobalSection
	GlobalSection(SolutionProperties) = preSolution
		HideSolutionNode = FALSE
	EndGlobalSection
	GlobalSection(ExtensibilityGlobals) = postSolution
		SolutionGuid = {3C907D8D-2543-4975-AF4F-DED521E74D8F}
	EndGlobalSection
EndGlobal
